
Microsoft Visual Studio Solution File, Format Version 12.00
# Visual Studio 2012
Project("{FAE04EC0-301F-11D3-BF4B-00C04F79EFBC}") = "EducationSystem.Models", "EducationSystem.Models\EducationSystem.Models.csproj", "{AF17C39F-0F99-4597-8D53-5306A9F996EA}"
EndProject
Project("{FAE04EC0-301F-11D3-BF4B-00C04F79EFBC}") = "EducationSystem.Data", "EducationSystem.Data\EducationSystem.Data.csproj", "{624C7CAD-C298-4DC1-A553-3DD67524CA6B}"
EndProject
Project("{FAE04EC0-301F-11D3-BF4B-00C04F79EFBC}") = "EducationSystem.Repositories", "EducationSystem.Repositories\EducationSystem.Repositories.csproj", "{6D0824A4-9329-460F-AA63-F5F8023E3E74}"
EndProject
Project("{FAE04EC0-301F-11D3-BF4B-00C04F79EFBC}") = "EducationSystem.WebAPI", "EducationSystem.WebAPI\EducationSystem.WebAPI.csproj", "{0FE7C111-F1F8-4809-8125-A6107C389495}"
EndProject
Project("{FAE04EC0-301F-11D3-BF4B-00C04F79EFBC}") = "EducationSystem.Tests", "EducationSystem.Tests\EducationSystem.Tests.csproj", "{38799613-A464-4355-BE33-127F701D1C07}"
EndProject
Global
	GlobalSection(SolutionConfigurationPlatforms) = preSolution
		Debug|Any CPU = Debug|Any CPU
		Release|Any CPU = Release|Any CPU
	EndGlobalSection
	GlobalSection(ProjectConfigurationPlatforms) = postSolution
		{AF17C39F-0F99-4597-8D53-5306A9F996EA}.Debug|Any CPU.ActiveCfg = Debug|Any CPU
		{AF17C39F-0F99-4597-8D53-5306A9F996EA}.Debug|Any CPU.Build.0 = Debug|Any CPU
		{AF17C39F-0F99-4597-8D53-5306A9F996EA}.Release|Any CPU.ActiveCfg = Release|Any CPU
		{AF17C39F-0F99-4597-8D53-5306A9F996EA}.Release|Any CPU.Build.0 = Release|Any CPU
		{624C7CAD-C298-4DC1-A553-3DD67524CA6B}.Debug|Any CPU.ActiveCfg = Debug|Any CPU
		{624C7CAD-C298-4DC1-A553-3DD67524CA6B}.Debug|Any CPU.Build.0 = Debug|Any CPU
		{624C7CAD-C298-4DC1-A553-3DD67524CA6B}.Release|Any CPU.ActiveCfg = Release|Any CPU
		{624C7CAD-C298-4DC1-A553-3DD67524CA6B}.Release|Any CPU.Build.0 = Release|Any CPU
		{6D0824A4-9329-460F-AA63-F5F8023E3E74}.Debug|Any CPU.ActiveCfg = Debug|Any CPU
		{6D0824A4-9329-460F-AA63-F5F8023E3E74}.Debug|Any CPU.Build.0 = Debug|Any CPU
		{6D0824A4-9329-460F-AA63-F5F8023E3E74}.Release|Any CPU.ActiveCfg = Release|Any CPU
		{6D0824A4-9329-460F-AA63-F5F8023E3E74}.Release|Any CPU.Build.0 = Release|Any CPU
		{0FE7C111-F1F8-4809-8125-A6107C389495}.Debug|Any CPU.ActiveCfg = Debug|Any CPU
		{0FE7C111-F1F8-4809-8125-A6107C389495}.Debug|Any CPU.Build.0 = Debug|Any CPU
		{0FE7C111-F1F8-4809-8125-A6107C389495}.Release|Any CPU.ActiveCfg = Release|Any CPU
		{0FE7C111-F1F8-4809-8125-A6107C389495}.Release|Any CPU.Build.0 = Release|Any CPU
		{38799613-A464-4355-BE33-127F701D1C07}.Debug|Any CPU.ActiveCfg = Debug|Any CPU
		{38799613-A464-4355-BE33-127F701D1C07}.Debug|Any CPU.Build.0 = Debug|Any CPU
		{38799613-A464-4355-BE33-127F701D1C07}.Release|Any CPU.ActiveCfg = Release|Any CPU
		{38799613-A464-4355-BE33-127F701D1C07}.Release|Any CPU.Build.0 = Release|Any CPU
	EndGlobalSection
	GlobalSection(SolutionProperties) = preSolution
		HideSolutionNode = FALSE
	EndGlobalSection
EndGlobal
